# This file is autogenerated, do not edit; changes may be undone by the next 'dep ensure'.


[[projects]]
  digest = "1:511f7e1ca840c3b8c5761870d8606aa8bdf95f5d422a74fbe0ef3cf210cfe2c9"
  name = "github.com/davecgh/go-spew"
  packages = ["spew"]
  pruneopts = "UT"
  revision = "04cdfd42973bb9c8589fd6a731800cf222fde1a9"

[[projects]]
  digest = "1:01b57f6da1d1b6c80e9b2ff1c14f8e6880b177d57cc47131f17f4453f9b24c86"
  name = "github.com/gchaincl/httplab"
  packages = [
    ".",
    "ui",
  ]
  pruneopts = "UT"
  revision = "eaad261704fbe65944223eae7c73f3ae571e4446"
  version = "v0.4.1"

[[projects]]
  digest = "1:36f587df42a934f2735999603e257d5b7eaa2d7d435fa26fd7a0bd85e094106b"
  name = "github.com/jroimartin/gocui"
  packages = ["."]
  pruneopts = "UT"
  revision = "ed41d1bd2c217d4d1e312c2ee5d2f0c7793a99cc"

[[projects]]
  digest = "1:e2d1d410fb367567c2b53ed9e2d719d3c1f0891397bb2fa49afd747cfbf1e8e4"
  name = "github.com/mattn/go-runewidth"
  packages = ["."]
  pruneopts = "UT"
  revision = "14207d285c6c197daabb5c9793d63e7af9ab2d50"

[[projects]]
  digest = "1:f6f1eb02bffdc01c66bc4de6c9bee7b8b5465b8a6e864287beff578cb5420dfa"
  name = "github.com/nsf/termbox-go"
  packages = ["."]
  pruneopts = "UT"
  revision = "3540b76b9c77679aeffd0a47e00243fb0ce47133"

[[projects]]
  digest = "1:08413c4235cad94a96c39e1e2f697789733c4a87d1fdf06b412d2cf2ba49826a"
  name = "github.com/pmezard/go-difflib"
  packages = ["difflib"]
  pruneopts = "UT"
  revision = "d8ed2627bdf02c080bf22230dbb337003b7aba2d"

[[projects]]
  digest = "1:0eabc448cf1a6eaac4c04bf64c618f502011a8b908ff631bee40b427c077f863"
  name = "github.com/rs/cors"
  packages = ["."]
  pruneopts = "UT"
  revision = "bf64c5349c0f7e5e1554921e798e052958e0fe2f"

[[projects]]
  digest = "1:2953037f3b8be6936dd77f4c49e0f026c34f2356942534dd7ddeb5e622ca3502"
  name = "github.com/spf13/pflag"
  packages = ["."]
  pruneopts = "UT"
  revision = "7aff26db30c1be810f9de5038ec5ef96ac41fd7c"

[[projects]]
  digest = "1:38bd78a1b1c018fd71f17abcfe4b5fde0c0240b96c5b107ede13073081997de5"
  name = "github.com/stretchr/testify"
  packages = [
    "assert",
    "require",
  ]
  pruneopts = "UT"
  revision = "4d4bfba8f1d1027c4fdbe371823030df51419987"

[solve-meta]
  analyzer-name = "dep"
  analyzer-version = 1
  input-imports = [
    "github.com/gchaincl/httplab",
    "github.com/gchaincl/httplab/ui",
    "github.com/jroimartin/gocui",
    "github.com/rs/cors",
    "github.com/spf13/pflag",
    "github.com/stretchr/testify/assert",
    "github.com/stretchr/testify/require",
  ]
  solver-name = "gps-cdcl"
  solver-version = 1
